
Microsoft Visual Studio Solution File, Format Version 12.00
# Visual Studio Version 16
VisualStudioVersion = 16.0.31005.135
MinimumVisualStudioVersion = 10.0.40219.1
Project("{FAE04EC0-301F-11D3-BF4B-00C04F79EFBC}") = "Лаба3", "Лаба3.csproj", "{FEB43A00-B631-446E-AFF7-4FE90B2882FB}"
EndProject
Global
	GlobalSection(SolutionConfigurationPlatforms) = preSolution
		Debug|Any CPU = Debug|Any CPU
		Release|Any CPU = Release|Any CPU
	EndGlobalSection
	GlobalSection(ProjectConfigurationPlatforms) = postSolution
		{FEB43A00-B631-446E-AFF7-4FE90B2882FB}.Debug|Any CPU.ActiveCfg = Debug|Any CPU
		{FEB43A00-B631-446E-AFF7-4FE90B2882FB}.Debug|Any CPU.Build.0 = Debug|Any CPU
		{FEB43A00-B631-446E-AFF7-4FE90B2882FB}.Release|Any CPU.ActiveCfg = Release|Any CPU
		{FEB43A00-B631-446E-AFF7-4FE90B2882FB}.Release|Any CPU.Build.0 = Release|Any CPU
	EndGlobalSection
	GlobalSection(SolutionProperties) = preSolution
		HideSolutionNode = FALSE
	EndGlobalSection
	GlobalSection(ExtensibilityGlobals) = postSolution
		SolutionGuid = {A9CDA7A5-EB0A-401D-BE84-FA5F26FDE954}
	EndGlobalSection
EndGlobal
